version = 0

[requires]
  interop_python = {git = "https://github.com/belolourenco/cangjie_interop_python.git", commitId = "a73d9849dedaa884205bc3f53813212986ceb5b0", branch = "main"}
  interop_javascript = {git = "https://github.com/belolourenco/cangjie_interop_javascript.git", commitId = "d3cf92bfb18ff56280fc9d9dc8592e49c0e47672", branch = "extern_as_compiler_internal"}
