version = 0

[requires]
  interop_python = {git = "https://github.com/belolourenco/cangjie_interop_python.git", commitId = "994ca4212124b7c3afafa4dd21cb61ff961884b5", branch = "main"}
  interop_javascript = {git = "https://github.com/belolourenco/cangjie_interop_javascript.git", commitId = "d51fd40183c37841dfd0402bdfe929ae561b9fac", branch = "extern_as_compiler_internal"}
